
Microsoft Visual Studio Solution File, Format Version 12.00
# Visual Studio Version 16
VisualStudioVersion = 16.0.31624.102
MinimumVisualStudioVersion = 10.0.40219.1
Project("{FAE04EC0-301F-11D3-BF4B-00C04F79EFBC}") = "senai_inLock_API", "senai_inLock_API\senai_inLock_API.csproj", "{721A5AE4-2F42-4784-9C55-26D6137154A7}"
EndProject
Global
	GlobalSection(SolutionConfigurationPlatforms) = preSolution
		Debug|Any CPU = Debug|Any CPU
		Release|Any CPU = Release|Any CPU
	EndGlobalSection
	GlobalSection(ProjectConfigurationPlatforms) = postSolution
		{721A5AE4-2F42-4784-9C55-26D6137154A7}.Debug|Any CPU.ActiveCfg = Debug|Any CPU
		{721A5AE4-2F42-4784-9C55-26D6137154A7}.Debug|Any CPU.Build.0 = Debug|Any CPU
		{721A5AE4-2F42-4784-9C55-26D6137154A7}.Release|Any CPU.ActiveCfg = Release|Any CPU
		{721A5AE4-2F42-4784-9C55-26D6137154A7}.Release|Any CPU.Build.0 = Release|Any CPU
	EndGlobalSection
	GlobalSection(SolutionProperties) = preSolution
		HideSolutionNode = FALSE
	EndGlobalSection
	GlobalSection(ExtensibilityGlobals) = postSolution
		SolutionGuid = {3F128AB1-051E-4021-889D-15C03F3B8924}
	EndGlobalSection
EndGlobal
